{
  "name": "corinthians-data-pipeline",
  "lockfileVersion": 3,
  "requires": true,
  "packages": {
    "": {
      "name": "corinthians-data-pipeline",
      "dependencies": {
        "campeonato-brasileiro-api": "2.0.1"
      }
    },
    "node_modules/campeonato-brasileiro-api": {
      "version": "2.0.1",
      "resolved": "https://registry.npmjs.org/campeonato-brasileiro-api/-/campeonato-brasileiro-api-2.0.1.tgz",
      "integrity": "sha512-1ujyusWTJIgb9v2TxJJiC4tAd/o+ODSacj3s8lmYYCRP3h1Dtqq7p+Uo1E6fjjJC7Qjwt+FiezVaE0p9GnPg7Q==",
      "license": "MIT",
      "engines": {
        "node": ">=18"
      }
    }
  }
}
